// !$*UTF8*$!
{
	archiveVersion = 1;
	classes = {
	};
	objectVersion = 50;
	objects = {

/* Begin PBXBuildFile section */
		0718C11026BAA93800F9CCE7 /* ShareDataUI.m in Sources */ = {isa = PBXBuildFile; fileRef = 0718C10F26BAA93800F9CCE7 /* ShareDataUI.m */; };
		0718C11126BAA94200F9CCE7 /* ShareDataUI.m in Sources */ = {isa = PBXBuildFile; fileRef = 0718C10F26BAA93800F9CCE7 /* ShareDataUI.m */; };
		0718C11226BAAA5200F9CCE7 /* ShareDataUI.h in Sources */ = {isa = PBXBuildFile; fileRef = 0718C10E26BAA93800F9CCE7 /* ShareDataUI.h */; };
		0718C11426BAABBB00F9CCE7 /* CoreMedia.framework in Frameworks */ = {isa = PBXBuildFile; fileRef = 0718C11326BAABBB00F9CCE7 /* CoreMedia.framework */; };
		0718C11826BAACA300F9CCE7 /* ReplayKit.framework in Frameworks */ = {isa = PBXBuildFile; fileRef = 2F44AE4B2695AF7B00656399 /* ReplayKit.framework */; };
		079638CC269E9BE700F357FD /* MainInterface.storyboard in Resources */ = {isa = PBXBuildFile; fileRef = 079638CB269E9BE700F357FD /* MainInterface.storyboard */; };
		2F44AE122695AEBE00656399 /* AppDelegate.m in Sources */ = {isa = PBXBuildFile; fileRef = 2F44AE112695AEBE00656399 /* AppDelegate.m */; };
		2F44AE152695AEBE00656399 /* SceneDelegate.m in Sources */ = {isa = PBXBuildFile; fileRef = 2F44AE142695AEBE00656399 /* SceneDelegate.m */; };
		2F44AE182695AEBE00656399 /* ViewController.m in Sources */ = {isa = PBXBuildFile; fileRef = 2F44AE172695AEBE00656399 /* ViewController.m */; };
		2F44AE1B2695AEBE00656399 /* Main.storyboard in Resources */ = {isa = PBXBuildFile; fileRef = 2F44AE192695AEBE00656399 /* Main.storyboard */; };
		2F44AE1D2695AEC100656399 /* Assets.xcassets in Resources */ = {isa = PBXBuildFile; fileRef = 2F44AE1C2695AEC100656399 /* Assets.xcassets */; };
		2F44AE202695AEC100656399 /* LaunchScreen.storyboard in Resources */ = {isa = PBXBuildFile; fileRef = 2F44AE1E2695AEC100656399 /* LaunchScreen.storyboard */; };
		2F44AE232695AEC100656399 /* main.m in Sources */ = {isa = PBXBuildFile; fileRef = 2F44AE222695AEC100656399 /* main.m */; };
		2F44AE2D2695AEC100656399 /* Screen_ShareTests.m in Sources */ = {isa = PBXBuildFile; fileRef = 2F44AE2C2695AEC100656399 /* Screen_ShareTests.m */; };
		2F44AE382695AEC100656399 /* Screen_ShareUITests.m in Sources */ = {isa = PBXBuildFile; fileRef = 2F44AE372695AEC100656399 /* Screen_ShareUITests.m */; };
		2F44AE4C2695AF7B00656399 /* ReplayKit.framework in Frameworks */ = {isa = PBXBuildFile; fileRef = 2F44AE4B2695AF7B00656399 /* ReplayKit.framework */; };
		2F44AE502695AF7B00656399 /* SampleHandler.m in Sources */ = {isa = PBXBuildFile; fileRef = 2F44AE4F2695AF7B00656399 /* SampleHandler.m */; };
		2F44AE572695AF7B00656399 /* ReplayKit.framework in Frameworks */ = {isa = PBXBuildFile; fileRef = 2F44AE4B2695AF7B00656399 /* ReplayKit.framework */; };
		2F44AE592695AF7B00656399 /* UIKit.framework in Frameworks */ = {isa = PBXBuildFile; fileRef = 2F44AE582695AF7B00656399 /* UIKit.framework */; };
		2F44AE5D2695AF7B00656399 /* BroadcastSetupViewController.m in Sources */ = {isa = PBXBuildFile; fileRef = 2F44AE5C2695AF7B00656399 /* BroadcastSetupViewController.m */; };
		2F44AE612695AF7B00656399 /* ScreenShareSetupUI.appex in Embed App Extensions */ = {isa = PBXBuildFile; fileRef = 2F44AE562695AF7B00656399 /* ScreenShareSetupUI.appex */; settings = {ATTRIBUTES = (RemoveHeadersOnCopy, ); }; };
		2F44AE642695AF7B00656399 /* ScreenShare.appex in Embed App Extensions */ = {isa = PBXBuildFile; fileRef = 2F44AE492695AF7B00656399 /* ScreenShare.appex */; settings = {ATTRIBUTES = (RemoveHeadersOnCopy, ); }; };
/* End PBXBuildFile section */

/* Begin PBXContainerItemProxy section */
		2F44AE292695AEC100656399 /* PBXContainerItemProxy */ = {
			isa = PBXContainerItemProxy;
			containerPortal = 2F44AE052695AEBE00656399 /* Project object */;
			proxyType = 1;
			remoteGlobalIDString = 2F44AE0C2695AEBE00656399;
			remoteInfo = "Screen-Share";
		};
		2F44AE342695AEC100656399 /* PBXContainerItemProxy */ = {
			isa = PBXContainerItemProxy;
			containerPortal = 2F44AE052695AEBE00656399 /* Project object */;
			proxyType = 1;
			remoteGlobalIDString = 2F44AE0C2695AEBE00656399;
			remoteInfo = "Screen-Share";
		};
		2F44AE5F2695AF7B00656399 /* PBXContainerItemProxy */ = {
			isa = PBXContainerItemProxy;
			containerPortal = 2F44AE052695AEBE00656399 /* Project object */;
			proxyType = 1;
			remoteGlobalIDString = 2F44AE552695AF7B00656399;
			remoteInfo = ScreenShareSetupUI;
		};
		2F44AE622695AF7B00656399 /* PBXContainerItemProxy */ = {
			isa = PBXContainerItemProxy;
			containerPortal = 2F44AE052695AEBE00656399 /* Project object */;
			proxyType = 1;
			remoteGlobalIDString = 2F44AE482695AF7B00656399;
			remoteInfo = ScreenShare;
		};
/* End PBXContainerItemProxy section */

/* Begin PBXCopyFilesBuildPhase section */
		2F44AE6B2695AF7B00656399 /* Embed App Extensions */ = {
			isa = PBXCopyFilesBuildPhase;
			buildActionMask = 2147483647;
			dstPath = "";
			dstSubfolderSpec = 13;
			files = (
				2F44AE642695AF7B00656399 /* ScreenShare.appex in Embed App Extensions */,
				2F44AE612695AF7B00656399 /* ScreenShareSetupUI.appex in Embed App Extensions */,
			);
			name = "Embed App Extensions";
			runOnlyForDeploymentPostprocessing = 0;
		};
/* End PBXCopyFilesBuildPhase section */

/* Begin PBXFileReference section */
		0718C10E26BAA93800F9CCE7 /* ShareDataUI.h */ = {isa = PBXFileReference; lastKnownFileType = sourcecode.c.h; path = ShareDataUI.h; sourceTree = "<group>"; };
		0718C10F26BAA93800F9CCE7 /* ShareDataUI.m */ = {isa = PBXFileReference; lastKnownFileType = sourcecode.c.objc; path = ShareDataUI.m; sourceTree = "<group>"; };
		0718C11326BAABBB00F9CCE7 /* CoreMedia.framework */ = {isa = PBXFileReference; lastKnownFileType = wrapper.framework; name = CoreMedia.framework; path = System/Library/Frameworks/CoreMedia.framework; sourceTree = SDKROOT; };
		079638CB269E9BE700F357FD /* MainInterface.storyboard */ = {isa = PBXFileReference; lastKnownFileType = file.storyboard; path = MainInterface.storyboard; sourceTree = "<group>"; };
		2F44AE0D2695AEBE00656399 /* Screen-Share.app */ = {isa = PBXFileReference; explicitFileType = wrapper.application; includeInIndex = 0; path = "Screen-Share.app"; sourceTree = BUILT_PRODUCTS_DIR; };
		2F44AE102695AEBE00656399 /* AppDelegate.h */ = {isa = PBXFileReference; lastKnownFileType = sourcecode.c.h; path = AppDelegate.h; sourceTree = "<group>"; };
		2F44AE112695AEBE00656399 /* AppDelegate.m */ = {isa = PBXFileReference; lastKnownFileType = sourcecode.c.objc; path = AppDelegate.m; sourceTree = "<group>"; };
		2F44AE132695AEBE00656399 /* SceneDelegate.h */ = {isa = PBXFileReference; lastKnownFileType = sourcecode.c.h; path = SceneDelegate.h; sourceTree = "<group>"; };
		2F44AE142695AEBE00656399 /* SceneDelegate.m */ = {isa = PBXFileReference; lastKnownFileType = sourcecode.c.objc; path = SceneDelegate.m; sourceTree = "<group>"; };
		2F44AE162695AEBE00656399 /* ViewController.h */ = {isa = PBXFileReference; lastKnownFileType = sourcecode.c.h; path = ViewController.h; sourceTree = "<group>"; };
		2F44AE172695AEBE00656399 /* ViewController.m */ = {isa = PBXFileReference; lastKnownFileType = sourcecode.c.objc; path = ViewController.m; sourceTree = "<group>"; };
		2F44AE1A2695AEBE00656399 /* Base */ = {isa = PBXFileReference; lastKnownFileType = file.storyboard; name = Base; path = Base.lproj/Main.storyboard; sourceTree = "<group>"; };
		2F44AE1C2695AEC100656399 /* Assets.xcassets */ = {isa = PBXFileReference; lastKnownFileType = folder.assetcatalog; path = Assets.xcassets; sourceTree = "<group>"; };
		2F44AE1F2695AEC100656399 /* Base */ = {isa = PBXFileReference; lastKnownFileType = file.storyboard; name = Base; path = Base.lproj/LaunchScreen.storyboard; sourceTree = "<group>"; };
		2F44AE212695AEC100656399 /* Info.plist */ = {isa = PBXFileReference; lastKnownFileType = text.plist.xml; path = Info.plist; sourceTree = "<group>"; };
		2F44AE222695AEC100656399 /* main.m */ = {isa = PBXFileReference; lastKnownFileType = sourcecode.c.objc; path = main.m; sourceTree = "<group>"; };
		2F44AE282695AEC100656399 /* Screen-ShareTests.xctest */ = {isa = PBXFileReference; explicitFileType = wrapper.cfbundle; includeInIndex = 0; path = "Screen-ShareTests.xctest"; sourceTree = BUILT_PRODUCTS_DIR; };
		2F44AE2C2695AEC100656399 /* Screen_ShareTests.m */ = {isa = PBXFileReference; lastKnownFileType = sourcecode.c.objc; path = Screen_ShareTests.m; sourceTree = "<group>"; };
		2F44AE2E2695AEC100656399 /* Info.plist */ = {isa = PBXFileReference; lastKnownFileType = text.plist.xml; path = Info.plist; sourceTree = "<group>"; };
		2F44AE332695AEC100656399 /* Screen-ShareUITests.xctest */ = {isa = PBXFileReference; explicitFileType = wrapper.cfbundle; includeInIndex = 0; path = "Screen-ShareUITests.xctest"; sourceTree = BUILT_PRODUCTS_DIR; };
		2F44AE372695AEC100656399 /* Screen_ShareUITests.m */ = {isa = PBXFileReference; lastKnownFileType = sourcecode.c.objc; path = Screen_ShareUITests.m; sourceTree = "<group>"; };
		2F44AE392695AEC100656399 /* Info.plist */ = {isa = PBXFileReference; lastKnownFileType = text.plist.xml; path = Info.plist; sourceTree = "<group>"; };
		2F44AE492695AF7B00656399 /* ScreenShare.appex */ = {isa = PBXFileReference; explicitFileType = "wrapper.app-extension"; includeInIndex = 0; path = ScreenShare.appex; sourceTree = BUILT_PRODUCTS_DIR; };
		2F44AE4B2695AF7B00656399 /* ReplayKit.framework */ = {isa = PBXFileReference; lastKnownFileType = wrapper.framework; name = ReplayKit.framework; path = System/Library/Frameworks/ReplayKit.framework; sourceTree = SDKROOT; };
		2F44AE4E2695AF7B00656399 /* SampleHandler.h */ = {isa = PBXFileReference; lastKnownFileType = sourcecode.c.h; path = SampleHandler.h; sourceTree = "<group>"; };
		2F44AE4F2695AF7B00656399 /* SampleHandler.m */ = {isa = PBXFileReference; lastKnownFileType = sourcecode.c.objc; path = SampleHandler.m; sourceTree = "<group>"; };
		2F44AE512695AF7B00656399 /* Info.plist */ = {isa = PBXFileReference; lastKnownFileType = text.plist.xml; path = Info.plist; sourceTree = "<group>"; };
		2F44AE562695AF7B00656399 /* ScreenShareSetupUI.appex */ = {isa = PBXFileReference; explicitFileType = "wrapper.app-extension"; includeInIndex = 0; path = ScreenShareSetupUI.appex; sourceTree = BUILT_PRODUCTS_DIR; };
		2F44AE582695AF7B00656399 /* UIKit.framework */ = {isa = PBXFileReference; lastKnownFileType = wrapper.framework; name = UIKit.framework; path = System/Library/Frameworks/UIKit.framework; sourceTree = SDKROOT; };
		2F44AE5B2695AF7B00656399 /* BroadcastSetupViewController.h */ = {isa = PBXFileReference; lastKnownFileType = sourcecode.c.h; path = BroadcastSetupViewController.h; sourceTree = "<group>"; };
		2F44AE5C2695AF7B00656399 /* BroadcastSetupViewController.m */ = {isa = PBXFileReference; lastKnownFileType = sourcecode.c.objc; path = BroadcastSetupViewController.m; sourceTree = "<group>"; };
		2F44AE5E2695AF7B00656399 /* Info.plist */ = {isa = PBXFileReference; lastKnownFileType = text.plist.xml; path = Info.plist; sourceTree = "<group>"; };
/* End PBXFileReference section */

/* Begin PBXFrameworksBuildPhase section */
		2F44AE0A2695AEBE00656399 /* Frameworks */ = {
			isa = PBXFrameworksBuildPhase;
			buildActionMask = 2147483647;
			files = (
				0718C11826BAACA300F9CCE7 /* ReplayKit.framework in Frameworks */,
				0718C11426BAABBB00F9CCE7 /* CoreMedia.framework in Frameworks */,
			);
			runOnlyForDeploymentPostprocessing = 0;
		};
		2F44AE252695AEC100656399 /* Frameworks */ = {
			isa = PBXFrameworksBuildPhase;
			buildActionMask = 2147483647;
			files = (
			);
			runOnlyForDeploymentPostprocessing = 0;
		};
		2F44AE302695AEC100656399 /* Frameworks */ = {
			isa = PBXFrameworksBuildPhase;
			buildActionMask = 2147483647;
			files = (
			);
			runOnlyForDeploymentPostprocessing = 0;
		};
		2F44AE462695AF7B00656399 /* Frameworks */ = {
			isa = PBXFrameworksBuildPhase;
			buildActionMask = 2147483647;
			files = (
				2F44AE4C2695AF7B00656399 /* ReplayKit.framework in Frameworks */,
			);
			runOnlyForDeploymentPostprocessing = 0;
		};
		2F44AE532695AF7B00656399 /* Frameworks */ = {
			isa = PBXFrameworksBuildPhase;
			buildActionMask = 2147483647;
			files = (
				2F44AE572695AF7B00656399 /* ReplayKit.framework in Frameworks */,
				2F44AE592695AF7B00656399 /* UIKit.framework in Frameworks */,
			);
			runOnlyForDeploymentPostprocessing = 0;
		};
/* End PBXFrameworksBuildPhase section */

/* Begin PBXGroup section */
		2F44AE042695AEBE00656399 = {
			isa = PBXGroup;
			children = (
				2F44AE0F2695AEBE00656399 /* Screen-Share */,
				2F44AE2B2695AEC100656399 /* Screen-ShareTests */,
				2F44AE362695AEC100656399 /* Screen-ShareUITests */,
				2F44AE4D2695AF7B00656399 /* ScreenShare */,
				2F44AE5A2695AF7B00656399 /* ScreenShareSetupUI */,
				2F44AE4A2695AF7B00656399 /* Frameworks */,
				2F44AE0E2695AEBE00656399 /* Products */,
			);
			sourceTree = "<group>";
		};
		2F44AE0E2695AEBE00656399 /* Products */ = {
			isa = PBXGroup;
			children = (
				2F44AE0D2695AEBE00656399 /* Screen-Share.app */,
				2F44AE282695AEC100656399 /* Screen-ShareTests.xctest */,
				2F44AE332695AEC100656399 /* Screen-ShareUITests.xctest */,
				2F44AE492695AF7B00656399 /* ScreenShare.appex */,
				2F44AE562695AF7B00656399 /* ScreenShareSetupUI.appex */,
			);
			name = Products;
			sourceTree = "<group>";
		};
		2F44AE0F2695AEBE00656399 /* Screen-Share */ = {
			isa = PBXGroup;
			children = (
				2F44AE102695AEBE00656399 /* AppDelegate.h */,
				2F44AE112695AEBE00656399 /* AppDelegate.m */,
				2F44AE132695AEBE00656399 /* SceneDelegate.h */,
				2F44AE142695AEBE00656399 /* SceneDelegate.m */,
				2F44AE162695AEBE00656399 /* ViewController.h */,
				2F44AE172695AEBE00656399 /* ViewController.m */,
				2F44AE192695AEBE00656399 /* Main.storyboard */,
				2F44AE1C2695AEC100656399 /* Assets.xcassets */,
				2F44AE1E2695AEC100656399 /* LaunchScreen.storyboard */,
				2F44AE212695AEC100656399 /* Info.plist */,
				2F44AE222695AEC100656399 /* main.m */,
				0718C10E26BAA93800F9CCE7 /* ShareDataUI.h */,
				0718C10F26BAA93800F9CCE7 /* ShareDataUI.m */,
			);
			path = "Screen-Share";
			sourceTree = "<group>";
		};
		2F44AE2B2695AEC100656399 /* Screen-ShareTests */ = {
			isa = PBXGroup;
			children = (
				2F44AE2C2695AEC100656399 /* Screen_ShareTests.m */,
				2F44AE2E2695AEC100656399 /* Info.plist */,
			);
			path = "Screen-ShareTests";
			sourceTree = "<group>";
		};
		2F44AE362695AEC100656399 /* Screen-ShareUITests */ = {
			isa = PBXGroup;
			children = (
				2F44AE372695AEC100656399 /* Screen_ShareUITests.m */,
				2F44AE392695AEC100656399 /* Info.plist */,
			);
			path = "Screen-ShareUITests";
			sourceTree = "<group>";
		};
		2F44AE4A2695AF7B00656399 /* Frameworks */ = {
			isa = PBXGroup;
			children = (
				0718C11326BAABBB00F9CCE7 /* CoreMedia.framework */,
				2F44AE4B2695AF7B00656399 /* ReplayKit.framework */,
				2F44AE582695AF7B00656399 /* UIKit.framework */,
			);
			name = Frameworks;
			sourceTree = "<group>";
		};
		2F44AE4D2695AF7B00656399 /* ScreenShare */ = {
			isa = PBXGroup;
			children = (
				2F44AE4E2695AF7B00656399 /* SampleHandler.h */,
				2F44AE4F2695AF7B00656399 /* SampleHandler.m */,
				2F44AE512695AF7B00656399 /* Info.plist */,
			);
			path = ScreenShare;
			sourceTree = "<group>";
		};
		2F44AE5A2695AF7B00656399 /* ScreenShareSetupUI */ = {
			isa = PBXGroup;
			children = (
				2F44AE5B2695AF7B00656399 /* BroadcastSetupViewController.h */,
				2F44AE5C2695AF7B00656399 /* BroadcastSetupViewController.m */,
				2F44AE5E2695AF7B00656399 /* Info.plist */,
				079638CB269E9BE700F357FD /* MainInterface.storyboard */,
			);
			path = ScreenShareSetupUI;
			sourceTree = "<group>";
		};
/* End PBXGroup section */

/* Begin PBXNativeTarget section */
		2F44AE0C2695AEBE00656399 /* Screen-Share */ = {
			isa = PBXNativeTarget;
			buildConfigurationList = 2F44AE3C2695AEC100656399 /* Build configuration list for PBXNativeTarget "Screen-Share" */;
			buildPhases = (
				2F44AE092695AEBE00656399 /* Sources */,
				2F44AE0A2695AEBE00656399 /* Frameworks */,
				2F44AE0B2695AEBE00656399 /* Resources */,
				2F44AE6B2695AF7B00656399 /* Embed App Extensions */,
			);
			buildRules = (
			);
			dependencies = (
				2F44AE602695AF7B00656399 /* PBXTargetDependency */,
				2F44AE632695AF7B00656399 /* PBXTargetDependency */,
			);
			name = "Screen-Share";
			productName = "Screen-Share";
			productReference = 2F44AE0D2695AEBE00656399 /* Screen-Share.app */;
			productType = "com.apple.product-type.application";
		};
		2F44AE272695AEC100656399 /* Screen-ShareTests */ = {
			isa = PBXNativeTarget;
			buildConfigurationList = 2F44AE3F2695AEC100656399 /* Build configuration list for PBXNativeTarget "Screen-ShareTests" */;
			buildPhases = (
				2F44AE242695AEC100656399 /* Sources */,
				2F44AE252695AEC100656399 /* Frameworks */,
				2F44AE262695AEC100656399 /* Resources */,
			);
			buildRules = (
			);
			dependencies = (
				2F44AE2A2695AEC100656399 /* PBXTargetDependency */,
			);
			name = "Screen-ShareTests";
			productName = "Screen-ShareTests";
			productReference = 2F44AE282695AEC100656399 /* Screen-ShareTests.xctest */;
			productType = "com.apple.product-type.bundle.unit-test";
		};
		2F44AE322695AEC100656399 /* Screen-ShareUITests */ = {
			isa = PBXNativeTarget;
			buildConfigurationList = 2F44AE422695AEC100656399 /* Build configuration list for PBXNativeTarget "Screen-ShareUITests" */;
			buildPhases = (
				2F44AE2F2695AEC100656399 /* Sources */,
				2F44AE302695AEC100656399 /* Frameworks */,
				2F44AE312695AEC100656399 /* Resources */,
			);
			buildRules = (
			);
			dependencies = (
				2F44AE352695AEC100656399 /* PBXTargetDependency */,
			);
			name = "Screen-ShareUITests";
			productName = "Screen-ShareUITests";
			productReference = 2F44AE332695AEC100656399 /* Screen-ShareUITests.xctest */;
			productType = "com.apple.product-type.bundle.ui-testing";
		};
		2F44AE482695AF7B00656399 /* ScreenShare */ = {
			isa = PBXNativeTarget;
			buildConfigurationList = 2F44AE682695AF7B00656399 /* Build configuration list for PBXNativeTarget "ScreenShare" */;
			buildPhases = (
				2F44AE452695AF7B00656399 /* Sources */,
				2F44AE462695AF7B00656399 /* Frameworks */,
				2F44AE472695AF7B00656399 /* Resources */,
			);
			buildRules = (
			);
			dependencies = (
			);
			name = ScreenShare;
			productName = ScreenShare;
			productReference = 2F44AE492695AF7B00656399 /* ScreenShare.appex */;
			productType = "com.apple.product-type.app-extension";
		};
		2F44AE552695AF7B00656399 /* ScreenShareSetupUI */ = {
			isa = PBXNativeTarget;
			buildConfigurationList = 2F44AE652695AF7B00656399 /* Build configuration list for PBXNativeTarget "ScreenShareSetupUI" */;
			buildPhases = (
				2F44AE522695AF7B00656399 /* Sources */,
				2F44AE532695AF7B00656399 /* Frameworks */,
				2F44AE542695AF7B00656399 /* Resources */,
			);
			buildRules = (
			);
			dependencies = (
			);
			name = ScreenShareSetupUI;
			productName = ScreenShareSetupUI;
			productReference = 2F44AE562695AF7B00656399 /* ScreenShareSetupUI.appex */;
			productType = "com.apple.product-type.app-extension";
		};
/* End PBXNativeTarget section */

/* Begin PBXProject section */
		2F44AE052695AEBE00656399 /* Project object */ = {
			isa = PBXProject;
			attributes = {
				LastUpgradeCheck = 1250;
				TargetAttributes = {
					2F44AE0C2695AEBE00656399 = {
						CreatedOnToolsVersion = 12.5.1;
					};
					2F44AE272695AEC100656399 = {
						CreatedOnToolsVersion = 12.5.1;
						TestTargetID = 2F44AE0C2695AEBE00656399;
					};
					2F44AE322695AEC100656399 = {
						CreatedOnToolsVersion = 12.5.1;
						TestTargetID = 2F44AE0C2695AEBE00656399;
					};
					2F44AE482695AF7B00656399 = {
						CreatedOnToolsVersion = 12.5.1;
					};
					2F44AE552695AF7B00656399 = {
						CreatedOnToolsVersion = 12.5.1;
					};
				};
			};
			buildConfigurationList = 2F44AE082695AEBE00656399 /* Build configuration list for PBXProject "Screen-Share" */;
			compatibilityVersion = "Xcode 9.3";
			developmentRegion = en;
			hasScannedForEncodings = 0;
			knownRegions = (
				en,
				Base,
			);
			mainGroup = 2F44AE042695AEBE00656399;
			productRefGroup = 2F44AE0E2695AEBE00656399 /* Products */;
			projectDirPath = "";
			projectRoot = "";
			targets = (
				2F44AE0C2695AEBE00656399 /* Screen-Share */,
				2F44AE272695AEC100656399 /* Screen-ShareTests */,
				2F44AE322695AEC100656399 /* Screen-ShareUITests */,
				2F44AE482695AF7B00656399 /* ScreenShare */,
				2F44AE552695AF7B00656399 /* ScreenShareSetupUI */,
			);
		};
/* End PBXProject section */

/* Begin PBXResourcesBuildPhase section */
		2F44AE0B2695AEBE00656399 /* Resources */ = {
			isa = PBXResourcesBuildPhase;
			buildActionMask = 2147483647;
			files = (
				2F44AE202695AEC100656399 /* LaunchScreen.storyboard in Resources */,
				2F44AE1D2695AEC100656399 /* Assets.xcassets in Resources */,
				2F44AE1B2695AEBE00656399 /* Main.storyboard in Resources */,
			);
			runOnlyForDeploymentPostprocessing = 0;
		};
		2F44AE262695AEC100656399 /* Resources */ = {
			isa = PBXResourcesBuildPhase;
			buildActionMask = 2147483647;
			files = (
			);
			runOnlyForDeploymentPostprocessing = 0;
		};
		2F44AE312695AEC100656399 /* Resources */ = {
			isa = PBXResourcesBuildPhase;
			buildActionMask = 2147483647;
			files = (
			);
			runOnlyForDeploymentPostprocessing = 0;
		};
		2F44AE472695AF7B00656399 /* Resources */ = {
			isa = PBXResourcesBuildPhase;
			buildActionMask = 2147483647;
			files = (
			);
			runOnlyForDeploymentPostprocessing = 0;
		};
		2F44AE542695AF7B00656399 /* Resources */ = {
			isa = PBXResourcesBuildPhase;
			buildActionMask = 2147483647;
			files = (
				079638CC269E9BE700F357FD /* MainInterface.storyboard in Resources */,
			);
			runOnlyForDeploymentPostprocessing = 0;
		};
/* End PBXResourcesBuildPhase section */

/* Begin PBXSourcesBuildPhase section */
		2F44AE092695AEBE00656399 /* Sources */ = {
			isa = PBXSourcesBuildPhase;
			buildActionMask = 2147483647;
			files = (
				2F44AE182695AEBE00656399 /* ViewController.m in Sources */,
				2F44AE122695AEBE00656399 /* AppDelegate.m in Sources */,
				2F44AE232695AEC100656399 /* main.m in Sources */,
				2F44AE152695AEBE00656399 /* SceneDelegate.m in Sources */,
				0718C11026BAA93800F9CCE7 /* ShareDataUI.m in Sources */,
			);
			runOnlyForDeploymentPostprocessing = 0;
		};
		2F44AE242695AEC100656399 /* Sources */ = {
			isa = PBXSourcesBuildPhase;
			buildActionMask = 2147483647;
			files = (
				2F44AE2D2695AEC100656399 /* Screen_ShareTests.m in Sources */,
			);
			runOnlyForDeploymentPostprocessing = 0;
		};
		2F44AE2F2695AEC100656399 /* Sources */ = {
			isa = PBXSourcesBuildPhase;
			buildActionMask = 2147483647;
			files = (
				2F44AE382695AEC100656399 /* Screen_ShareUITests.m in Sources */,
			);
			runOnlyForDeploymentPostprocessing = 0;
		};
		2F44AE452695AF7B00656399 /* Sources */ = {
			isa = PBXSourcesBuildPhase;
			buildActionMask = 2147483647;
			files = (
				0718C11226BAAA5200F9CCE7 /* ShareDataUI.h in Sources */,
				2F44AE502695AF7B00656399 /* SampleHandler.m in Sources */,
				0718C11126BAA94200F9CCE7 /* ShareDataUI.m in Sources */,
			);
			runOnlyForDeploymentPostprocessing = 0;
		};
		2F44AE522695AF7B00656399 /* Sources */ = {
			isa = PBXSourcesBuildPhase;
			buildActionMask = 2147483647;
			files = (
				2F44AE5D2695AF7B00656399 /* BroadcastSetupViewController.m in Sources */,
			);
			runOnlyForDeploymentPostprocessing = 0;
		};
/* End PBXSourcesBuildPhase section */

/* Begin PBXTargetDependency section */
		2F44AE2A2695AEC100656399 /* PBXTargetDependency */ = {
			isa = PBXTargetDependency;
			target = 2F44AE0C2695AEBE00656399 /* Screen-Share */;
			targetProxy = 2F44AE292695AEC100656399 /* PBXContainerItemProxy */;
		};
		2F44AE352695AEC100656399 /* PBXTargetDependency */ = {
			isa = PBXTargetDependency;
			target = 2F44AE0C2695AEBE00656399 /* Screen-Share */;
			targetProxy = 2F44AE342695AEC100656399 /* PBXContainerItemProxy */;
		};
		2F44AE602695AF7B00656399 /* PBXTargetDependency */ = {
			isa = PBXTargetDependency;
			target = 2F44AE552695AF7B00656399 /* ScreenShareSetupUI */;
			targetProxy = 2F44AE5F2695AF7B00656399 /* PBXContainerItemProxy */;
		};
		2F44AE632695AF7B00656399 /* PBXTargetDependency */ = {
			isa = PBXTargetDependency;
			target = 2F44AE482695AF7B00656399 /* ScreenShare */;
			targetProxy = 2F44AE622695AF7B00656399 /* PBXContainerItemProxy */;
		};
/* End PBXTargetDependency section */

/* Begin PBXVariantGroup section */
		2F44AE192695AEBE00656399 /* Main.storyboard */ = {
			isa = PBXVariantGroup;
			children = (
				2F44AE1A2695AEBE00656399 /* Base */,
			);
			name = Main.storyboard;
			sourceTree = "<group>";
		};
		2F44AE1E2695AEC100656399 /* LaunchScreen.storyboard */ = {
			isa = PBXVariantGroup;
			children = (
				2F44AE1F2695AEC100656399 /* Base */,
			);
			name = LaunchScreen.storyboard;
			sourceTree = "<group>";
		};
/* End PBXVariantGroup section */

/* Begin XCBuildConfiguration section */
		2F44AE3A2695AEC100656399 /* Debug */ = {
			isa = XCBuildConfiguration;
			buildSettings = {
				ALWAYS_SEARCH_USER_PATHS = NO;
				CLANG_ANALYZER_NONNULL = YES;
				CLANG_ANALYZER_NUMBER_OBJECT_CONVERSION = YES_AGGRESSIVE;
				CLANG_CXX_LANGUAGE_STANDARD = "gnu++14";
				CLANG_CXX_LIBRARY = "libc++";
				CLANG_ENABLE_MODULES = YES;
				CLANG_ENABLE_OBJC_ARC = YES;
				CLANG_ENABLE_OBJC_WEAK = YES;
				CLANG_WARN_BLOCK_CAPTURE_AUTORELEASING = YES;
				CLANG_WARN_BOOL_CONVERSION = YES;
				CLANG_WARN_COMMA = YES;
				CLANG_WARN_CONSTANT_CONVERSION = YES;
				CLANG_WARN_DEPRECATED_OBJC_IMPLEMENTATIONS = YES;
				CLANG_WARN_DIRECT_OBJC_ISA_USAGE = YES_ERROR;
				CLANG_WARN_DOCUMENTATION_COMMENTS = YES;
				CLANG_WARN_EMPTY_BODY = YES;
				CLANG_WARN_ENUM_CONVERSION = YES;
				CLANG_WARN_INFINITE_RECURSION = YES;
				CLANG_WARN_INT_CONVERSION = YES;
				CLANG_WARN_NON_LITERAL_NULL_CONVERSION = YES;
				CLANG_WARN_OBJC_IMPLICIT_RETAIN_SELF = YES;
				CLANG_WARN_OBJC_LITERAL_CONVERSION = YES;
				CLANG_WARN_OBJC_ROOT_CLASS = YES_ERROR;
				CLANG_WARN_QUOTED_INCLUDE_IN_FRAMEWORK_HEADER = YES;
				CLANG_WARN_RANGE_LOOP_ANALYSIS = YES;
				CLANG_WARN_STRICT_PROTOTYPES = YES;
				CLANG_WARN_SUSPICIOUS_MOVE = YES;
				CLANG_WARN_UNGUARDED_AVAILABILITY = YES_AGGRESSIVE;
				CLANG_WARN_UNREACHABLE_CODE = YES;
				CLANG_WARN__DUPLICATE_METHOD_MATCH = YES;
				COPY_PHASE_STRIP = NO;
				DEBUG_INFORMATION_FORMAT = dwarf;
				ENABLE_STRICT_OBJC_MSGSEND = YES;
				ENABLE_TESTABILITY = YES;
				GCC_C_LANGUAGE_STANDARD = gnu11;
				GCC_DYNAMIC_NO_PIC = NO;
				GCC_NO_COMMON_BLOCKS = YES;
				GCC_OPTIMIZATION_LEVEL = 0;
				GCC_PREPROCESSOR_DEFINITIONS = (
					"DEBUG=1",
					"$(inherited)",
				);
				GCC_WARN_64_TO_32_BIT_CONVERSION = YES;
				GCC_WARN_ABOUT_RETURN_TYPE = YES_ERROR;
				GCC_WARN_UNDECLARED_SELECTOR = YES;
				GCC_WARN_UNINITIALIZED_AUTOS = YES_AGGRESSIVE;
				GCC_WARN_UNUSED_FUNCTION = YES;
				GCC_WARN_UNUSED_VARIABLE = YES;
				IPHONEOS_DEPLOYMENT_TARGET = 14.5;
				MTL_ENABLE_DEBUG_INFO = INCLUDE_SOURCE;
				MTL_FAST_MATH = YES;
				ONLY_ACTIVE_ARCH = YES;
				SDKROOT = iphoneos;
			};
			name = Debug;
		};
		2F44AE3B2695AEC100656399 /* Release */ = {
			isa = XCBuildConfiguration;
			buildSettings = {
				ALWAYS_SEARCH_USER_PATHS = NO;
				CLANG_ANALYZER_NONNULL = YES;
				CLANG_ANALYZER_NUMBER_OBJECT_CONVERSION = YES_AGGRESSIVE;
				CLANG_CXX_LANGUAGE_STANDARD = "gnu++14";
				CLANG_CXX_LIBRARY = "libc++";
				CLANG_ENABLE_MODULES = YES;
				CLANG_ENABLE_OBJC_ARC = YES;
				CLANG_ENABLE_OBJC_WEAK = YES;
				CLANG_WARN_BLOCK_CAPTURE_AUTORELEASING = YES;
				CLANG_WARN_BOOL_CONVERSION = YES;
				CLANG_WARN_COMMA = YES;
				CLANG_WARN_CONSTANT_CONVERSION = YES;
				CLANG_WARN_DEPRECATED_OBJC_IMPLEMENTATIONS = YES;
				CLANG_WARN_DIRECT_OBJC_ISA_USAGE = YES_ERROR;
				CLANG_WARN_DOCUMENTATION_COMMENTS = YES;
				CLANG_WARN_EMPTY_BODY = YES;
				CLANG_WARN_ENUM_CONVERSION = YES;
				CLANG_WARN_INFINITE_RECURSION = YES;
				CLANG_WARN_INT_CONVERSION = YES;
				CLANG_WARN_NON_LITERAL_NULL_CONVERSION = YES;
				CLANG_WARN_OBJC_IMPLICIT_RETAIN_SELF = YES;
				CLANG_WARN_OBJC_LITERAL_CONVERSION = YES;
				CLANG_WARN_OBJC_ROOT_CLASS = YES_ERROR;
				CLANG_WARN_QUOTED_INCLUDE_IN_FRAMEWORK_HEADER = YES;
				CLANG_WARN_RANGE_LOOP_ANALYSIS = YES;
				CLANG_WARN_STRICT_PROTOTYPES = YES;
				CLANG_WARN_SUSPICIOUS_MOVE = YES;
				CLANG_WARN_UNGUARDED_AVAILABILITY = YES_AGGRESSIVE;
				CLANG_WARN_UNREACHABLE_CODE = YES;
				CLANG_WARN__DUPLICATE_METHOD_MATCH = YES;
				COPY_PHASE_STRIP = NO;
				DEBUG_INFORMATION_FORMAT = "dwarf-with-dsym";
				ENABLE_NS_ASSERTIONS = NO;
				ENABLE_STRICT_OBJC_MSGSEND = YES;
				GCC_C_LANGUAGE_STANDARD = gnu11;
				GCC_NO_COMMON_BLOCKS = YES;
				GCC_WARN_64_TO_32_BIT_CONVERSION = YES;
				GCC_WARN_ABOUT_RETURN_TYPE = YES_ERROR;
				GCC_WARN_UNDECLARED_SELECTOR = YES;
				GCC_WARN_UNINITIALIZED_AUTOS = YES_AGGRESSIVE;
				GCC_WARN_UNUSED_FUNCTION = YES;
				GCC_WARN_UNUSED_VARIABLE = YES;
				IPHONEOS_DEPLOYMENT_TARGET = 14.5;
				MTL_ENABLE_DEBUG_INFO = NO;
				MTL_FAST_MATH = YES;
				SDKROOT = iphoneos;
				VALIDATE_PRODUCT = YES;
			};
			name = Release;
		};
		2F44AE3D2695AEC100656399 /* Debug */ = {
			isa = XCBuildConfiguration;
			buildSettings = {
				ASSETCATALOG_COMPILER_APPICON_NAME = AppIcon;
				ASSETCATALOG_COMPILER_GLOBAL_ACCENT_COLOR_NAME = AccentColor;
				CODE_SIGN_STYLE = Automatic;
				DEVELOPMENT_TEAM = 8L589BGVFH;
				INFOPLIST_FILE = "Screen-Share/Info.plist";
				LD_RUNPATH_SEARCH_PATHS = (
					"$(inherited)",
					"@executable_path/Frameworks",
				);
				PRODUCT_BUNDLE_IDENTIFIER = "com.sfvn.sample.Screen-Share";
				PRODUCT_NAME = "$(TARGET_NAME)";
				TARGETED_DEVICE_FAMILY = "1,2";
			};
			name = Debug;
		};
		2F44AE3E2695AEC100656399 /* Release */ = {
			isa = XCBuildConfiguration;
			buildSettings = {
				ASSETCATALOG_COMPILER_APPICON_NAME = AppIcon;
				ASSETCATALOG_COMPILER_GLOBAL_ACCENT_COLOR_NAME = AccentColor;
				CODE_SIGN_STYLE = Automatic;
				DEVELOPMENT_TEAM = 8L589BGVFH;
				INFOPLIST_FILE = "Screen-Share/Info.plist";
				LD_RUNPATH_SEARCH_PATHS = (
					"$(inherited)",
					"@executable_path/Frameworks",
				);
				PRODUCT_BUNDLE_IDENTIFIER = "com.sfvn.sample.Screen-Share";
				PRODUCT_NAME = "$(TARGET_NAME)";
				TARGETED_DEVICE_FAMILY = "1,2";
			};
			name = Release;
		};
		2F44AE402695AEC100656399 /* Debug */ = {
			isa = XCBuildConfiguration;
			buildSettings = {
				BUNDLE_LOADER = "$(TEST_HOST)";
				CODE_SIGN_STYLE = Automatic;
				DEVELOPMENT_TEAM = RJW2Z623E3;
				INFOPLIST_FILE = "Screen-ShareTests/Info.plist";
				IPHONEOS_DEPLOYMENT_TARGET = 14.5;
				LD_RUNPATH_SEARCH_PATHS = (
					"$(inherited)",
					"@executable_path/Frameworks",
					"@loader_path/Frameworks",
				);
				PRODUCT_BUNDLE_IDENTIFIER = "com.sfvn.sample.Screen-ShareTests";
				PRODUCT_NAME = "$(TARGET_NAME)";
				TARGETED_DEVICE_FAMILY = "1,2";
				TEST_HOST = "$(BUILT_PRODUCTS_DIR)/Screen-Share.app/Screen-Share";
			};
			name = Debug;
		};
		2F44AE412695AEC100656399 /* Release */ = {
			isa = XCBuildConfiguration;
			buildSettings = {
				BUNDLE_LOADER = "$(TEST_HOST)";
				CODE_SIGN_STYLE = Automatic;
				DEVELOPMENT_TEAM = RJW2Z623E3;
				INFOPLIST_FILE = "Screen-ShareTests/Info.plist";
				IPHONEOS_DEPLOYMENT_TARGET = 14.5;
				LD_RUNPATH_SEARCH_PATHS = (
					"$(inherited)",
					"@executable_path/Frameworks",
					"@loader_path/Frameworks",
				);
				PRODUCT_BUNDLE_IDENTIFIER = "com.sfvn.sample.Screen-ShareTests";
				PRODUCT_NAME = "$(TARGET_NAME)";
				TARGETED_DEVICE_FAMILY = "1,2";
				TEST_HOST = "$(BUILT_PRODUCTS_DIR)/Screen-Share.app/Screen-Share";
			};
			name = Release;
		};
		2F44AE432695AEC100656399 /* Debug */ = {
			isa = XCBuildConfiguration;
			buildSettings = {
				CODE_SIGN_STYLE = Automatic;
				DEVELOPMENT_TEAM = RJW2Z623E3;
				INFOPLIST_FILE = "Screen-ShareUITests/Info.plist";
				LD_RUNPATH_SEARCH_PATHS = (
					"$(inherited)",
					"@executable_path/Frameworks",
					"@loader_path/Frameworks",
				);
				PRODUCT_BUNDLE_IDENTIFIER = "com.sfvn.sample.Screen-ShareUITests";
				PRODUCT_NAME = "$(TARGET_NAME)";
				TARGETED_DEVICE_FAMILY = "1,2";
				TEST_TARGET_NAME = "Screen-Share";
			};
			name = Debug;
		};
		2F44AE442695AEC100656399 /* Release */ = {
			isa = XCBuildConfiguration;
			buildSettings = {
				CODE_SIGN_STYLE = Automatic;
				DEVELOPMENT_TEAM = RJW2Z623E3;
				INFOPLIST_FILE = "Screen-ShareUITests/Info.plist";
				LD_RUNPATH_SEARCH_PATHS = (
					"$(inherited)",
					"@executable_path/Frameworks",
					"@loader_path/Frameworks",
				);
				PRODUCT_BUNDLE_IDENTIFIER = "com.sfvn.sample.Screen-ShareUITests";
				PRODUCT_NAME = "$(TARGET_NAME)";
				TARGETED_DEVICE_FAMILY = "1,2";
				TEST_TARGET_NAME = "Screen-Share";
			};
			name = Release;
		};
		2F44AE662695AF7B00656399 /* Debug */ = {
			isa = XCBuildConfiguration;
			buildSettings = {
				CODE_SIGN_STYLE = Automatic;
				DEVELOPMENT_TEAM = 8L589BGVFH;
				INFOPLIST_FILE = ScreenShareSetupUI/Info.plist;
				LD_RUNPATH_SEARCH_PATHS = (
					"$(inherited)",
					"@executable_path/Frameworks",
					"@executable_path/../../Frameworks",
				);
				PRODUCT_BUNDLE_IDENTIFIER = "com.sfvn.sample.Screen-Share.ScreenShareSetupUI";
				PRODUCT_NAME = "$(TARGET_NAME)";
				SKIP_INSTALL = YES;
				TARGETED_DEVICE_FAMILY = "1,2";
			};
			name = Debug;
		};
		2F44AE672695AF7B00656399 /* Release */ = {
			isa = XCBuildConfiguration;
			buildSettings = {
				CODE_SIGN_STYLE = Automatic;
				DEVELOPMENT_TEAM = 8L589BGVFH;
				INFOPLIST_FILE = ScreenShareSetupUI/Info.plist;
				LD_RUNPATH_SEARCH_PATHS = (
					"$(inherited)",
					"@executable_path/Frameworks",
					"@executable_path/../../Frameworks",
				);
				PRODUCT_BUNDLE_IDENTIFIER = "com.sfvn.sample.Screen-Share.ScreenShareSetupUI";
				PRODUCT_NAME = "$(TARGET_NAME)";
				SKIP_INSTALL = YES;
				TARGETED_DEVICE_FAMILY = "1,2";
			};
			name = Release;
		};
		2F44AE692695AF7B00656399 /* Debug */ = {
			isa = XCBuildConfiguration;
			buildSettings = {
				CODE_SIGN_STYLE = Automatic;
				DEVELOPMENT_TEAM = 8L589BGVFH;
				INFOPLIST_FILE = ScreenShare/Info.plist;
				LD_RUNPATH_SEARCH_PATHS = (
					"$(inherited)",
					"@executable_path/Frameworks",
					"@executable_path/../../Frameworks",
				);
				PRODUCT_BUNDLE_IDENTIFIER = "com.sfvn.sample.Screen-Share.ScreenShare";
				PRODUCT_NAME = "$(TARGET_NAME)";
				SKIP_INSTALL = YES;
				TARGETED_DEVICE_FAMILY = "1,2";
			};
			name = Debug;
		};
		2F44AE6A2695AF7B00656399 /* Release */ = {
			isa = XCBuildConfiguration;
			buildSettings = {
				CODE_SIGN_STYLE = Automatic;
				DEVELOPMENT_TEAM = 8L589BGVFH;
				INFOPLIST_FILE = ScreenShare/Info.plist;
				LD_RUNPATH_SEARCH_PATHS = (
					"$(inherited)",
					"@executable_path/Frameworks",
					"@executable_path/../../Frameworks",
				);
				PRODUCT_BUNDLE_IDENTIFIER = "com.sfvn.sample.Screen-Share.ScreenShare";
				PRODUCT_NAME = "$(TARGET_NAME)";
				SKIP_INSTALL = YES;
				TARGETED_DEVICE_FAMILY = "1,2";
			};
			name = Release;
		};
/* End XCBuildConfiguration section */

/* Begin XCConfigurationList section */
		2F44AE082695AEBE00656399 /* Build configuration list for PBXProject "Screen-Share" */ = {
			isa = XCConfigurationList;
			buildConfigurations = (
				2F44AE3A2695AEC100656399 /* Debug */,
				2F44AE3B2695AEC100656399 /* Release */,
			);
			defaultConfigurationIsVisible = 0;
			defaultConfigurationName = Release;
		};
		2F44AE3C2695AEC100656399 /* Build configuration list for PBXNativeTarget "Screen-Share" */ = {
			isa = XCConfigurationList;
			buildConfigurations = (
				2F44AE3D2695AEC100656399 /* Debug */,
				2F44AE3E2695AEC100656399 /* Release */,
			);
			defaultConfigurationIsVisible = 0;
			defaultConfigurationName = Release;
		};
		2F44AE3F2695AEC100656399 /* Build configuration list for PBXNativeTarget "Screen-ShareTests" */ = {
			isa = XCConfigurationList;
			buildConfigurations = (
				2F44AE402695AEC100656399 /* Debug */,
				2F44AE412695AEC100656399 /* Release */,
			);
			defaultConfigurationIsVisible = 0;
			defaultConfigurationName = Release;
		};
		2F44AE422695AEC100656399 /* Build configuration list for PBXNativeTarget "Screen-ShareUITests" */ = {
			isa = XCConfigurationList;
			buildConfigurations = (
				2F44AE432695AEC100656399 /* Debug */,
				2F44AE442695AEC100656399 /* Release */,
			);
			defaultConfigurationIsVisible = 0;
			defaultConfigurationName = Release;
		};
		2F44AE652695AF7B00656399 /* Build configuration list for PBXNativeTarget "ScreenShareSetupUI" */ = {
			isa = XCConfigurationList;
			buildConfigurations = (
				2F44AE662695AF7B00656399 /* Debug */,
				2F44AE672695AF7B00656399 /* Release */,
			);
			defaultConfigurationIsVisible = 0;
			defaultConfigurationName = Release;
		};
		2F44AE682695AF7B00656399 /* Build configuration list for PBXNativeTarget "ScreenShare" */ = {
			isa = XCConfigurationList;
			buildConfigurations = (
				2F44AE692695AF7B00656399 /* Debug */,
				2F44AE6A2695AF7B00656399 /* Release */,
			);
			defaultConfigurationIsVisible = 0;
			defaultConfigurationName = Release;
		};
/* End XCConfigurationList section */
	};
	rootObject = 2F44AE052695AEBE00656399 /* Project object */;
}
